// !$*UTF8*$!
{
	archiveVersion = 1;
	classes = {
	};
	objectVersion = 56;
	objects = {

/* Begin PBXBuildFile section */
		374B03142BEB71ED00941184 /* BindingBootcamp.swift in Sources */ = {isa = PBXBuildFile; fileRef = 374B03132BEB71ED00941184 /* BindingBootcamp.swift */; };
		374B03162BEB743B00941184 /* ConditionalBootcamp.swift in Sources */ = {isa = PBXBuildFile; fileRef = 374B03152BEB743B00941184 /* ConditionalBootcamp.swift */; };
		374B03182BEB747C00941184 /* TernaryBootcamp.swift in Sources */ = {isa = PBXBuildFile; fileRef = 374B03172BEB747C00941184 /* TernaryBootcamp.swift */; };
		374B031A2BEB790900941184 /* AnimationBootcamp.swift in Sources */ = {isa = PBXBuildFile; fileRef = 374B03192BEB790900941184 /* AnimationBootcamp.swift */; };
		374B031C2BEB79D300941184 /* AnimationTimingBootcamp.swift in Sources */ = {isa = PBXBuildFile; fileRef = 374B031B2BEB79D300941184 /* AnimationTimingBootcamp.swift */; };
		374B031E2BEB7D8100941184 /* TransitionBootcamp.swift in Sources */ = {isa = PBXBuildFile; fileRef = 374B031D2BEB7D8100941184 /* TransitionBootcamp.swift */; };
		37B010982BE90C0100E3AC19 /* SwiftUI_BootcampApp.swift in Sources */ = {isa = PBXBuildFile; fileRef = 37B010972BE90C0100E3AC19 /* SwiftUI_BootcampApp.swift */; };
		37B0109A2BE90C0100E3AC19 /* ContentView.swift in Sources */ = {isa = PBXBuildFile; fileRef = 37B010992BE90C0100E3AC19 /* ContentView.swift */; };
		37B0109C2BE90C0200E3AC19 /* Assets.xcassets in Resources */ = {isa = PBXBuildFile; fileRef = 37B0109B2BE90C0200E3AC19 /* Assets.xcassets */; };
		37B0109F2BE90C0200E3AC19 /* Preview Assets.xcassets in Resources */ = {isa = PBXBuildFile; fileRef = 37B0109E2BE90C0200E3AC19 /* Preview Assets.xcassets */; };
		37B010A62BE90CD200E3AC19 /* TextBootcamp.swift in Sources */ = {isa = PBXBuildFile; fileRef = 37B010A52BE90CD200E3AC19 /* TextBootcamp.swift */; };
		37B010A92BE910BC00E3AC19 /* ShapesBootcamp.swift in Sources */ = {isa = PBXBuildFile; fileRef = 37B010A82BE910BC00E3AC19 /* ShapesBootcamp.swift */; };
		37B010AB2BE9137600E3AC19 /* ColorsBootcamp.swift in Sources */ = {isa = PBXBuildFile; fileRef = 37B010AA2BE9137600E3AC19 /* ColorsBootcamp.swift */; };
		37B010AD2BE917DD00E3AC19 /* GradientsBootcamp.swift in Sources */ = {isa = PBXBuildFile; fileRef = 37B010AC2BE917DD00E3AC19 /* GradientsBootcamp.swift */; };
		37B010AF2BE91A8500E3AC19 /* IconsBootcamp.swift in Sources */ = {isa = PBXBuildFile; fileRef = 37B010AE2BE91A8500E3AC19 /* IconsBootcamp.swift */; };
		37B010B12BE91DA600E3AC19 /* ImageBootcamp.swift in Sources */ = {isa = PBXBuildFile; fileRef = 37B010B02BE91DA600E3AC19 /* ImageBootcamp.swift */; };
		37B010B32BE91FAD00E3AC19 /* FrameBootcamp.swift in Sources */ = {isa = PBXBuildFile; fileRef = 37B010B22BE91FAD00E3AC19 /* FrameBootcamp.swift */; };
		37B010B52BE922C900E3AC19 /* BackgroundAndOverlayBootcamp.swift in Sources */ = {isa = PBXBuildFile; fileRef = 37B010B42BE922C900E3AC19 /* BackgroundAndOverlayBootcamp.swift */; };
		37E198162BEB566B00DCD1A0 /* StacksBootcamp.swift in Sources */ = {isa = PBXBuildFile; fileRef = 37E198152BEB566B00DCD1A0 /* StacksBootcamp.swift */; };
		37E198182BEB56E300DCD1A0 /* PaddingAndSpacerBootcamp.swift in Sources */ = {isa = PBXBuildFile; fileRef = 37E198172BEB56E300DCD1A0 /* PaddingAndSpacerBootcamp.swift */; };
		37E1981A2BEB572D00DCD1A0 /* SpacerBootcamp.swift in Sources */ = {isa = PBXBuildFile; fileRef = 37E198192BEB572D00DCD1A0 /* SpacerBootcamp.swift */; };
		37E1981E2BEB5EE600DCD1A0 /* InitializerBootcamp.swift in Sources */ = {isa = PBXBuildFile; fileRef = 37E1981D2BEB5EE600DCD1A0 /* InitializerBootcamp.swift */; };
		37E198202BEB5FA600DCD1A0 /* ForEachBootcamp.swift in Sources */ = {isa = PBXBuildFile; fileRef = 37E1981F2BEB5FA600DCD1A0 /* ForEachBootcamp.swift */; };
		37E198222BEB617800DCD1A0 /* ScrollViewBootcamp.swift in Sources */ = {isa = PBXBuildFile; fileRef = 37E198212BEB617800DCD1A0 /* ScrollViewBootcamp.swift */; };
		37E198242BEB636600DCD1A0 /* GridBootcamp.swift in Sources */ = {isa = PBXBuildFile; fileRef = 37E198232BEB636600DCD1A0 /* GridBootcamp.swift */; };
		37E198262BEB673B00DCD1A0 /* SafeAreaBootcamp.swift in Sources */ = {isa = PBXBuildFile; fileRef = 37E198252BEB673B00DCD1A0 /* SafeAreaBootcamp.swift */; };
		37E198282BEB68E800DCD1A0 /* ButtonsBootcamp.swift in Sources */ = {isa = PBXBuildFile; fileRef = 37E198272BEB68E800DCD1A0 /* ButtonsBootcamp.swift */; };
		37E1982A2BEB6B5C00DCD1A0 /* StateBootcamp.swift in Sources */ = {isa = PBXBuildFile; fileRef = 37E198292BEB6B5C00DCD1A0 /* StateBootcamp.swift */; };
		37E1982C2BEB6BE300DCD1A0 /* ExtractedFunctionsBootcamp.swift in Sources */ = {isa = PBXBuildFile; fileRef = 37E1982B2BEB6BE300DCD1A0 /* ExtractedFunctionsBootcamp.swift */; };
		37E1982E2BEB6C6400DCD1A0 /* ExtractSubviewsBoocamp.swift in Sources */ = {isa = PBXBuildFile; fileRef = 37E1982D2BEB6C6400DCD1A0 /* ExtractSubviewsBoocamp.swift */; };
/* End PBXBuildFile section */

/* Begin PBXFileReference section */
		374B03132BEB71ED00941184 /* BindingBootcamp.swift */ = {isa = PBXFileReference; lastKnownFileType = sourcecode.swift; path = BindingBootcamp.swift; sourceTree = "<group>"; };
		374B03152BEB743B00941184 /* ConditionalBootcamp.swift */ = {isa = PBXFileReference; lastKnownFileType = sourcecode.swift; path = ConditionalBootcamp.swift; sourceTree = "<group>"; };
		374B03172BEB747C00941184 /* TernaryBootcamp.swift */ = {isa = PBXFileReference; lastKnownFileType = sourcecode.swift; path = TernaryBootcamp.swift; sourceTree = "<group>"; };
		374B03192BEB790900941184 /* AnimationBootcamp.swift */ = {isa = PBXFileReference; lastKnownFileType = sourcecode.swift; path = AnimationBootcamp.swift; sourceTree = "<group>"; };
		374B031B2BEB79D300941184 /* AnimationTimingBootcamp.swift */ = {isa = PBXFileReference; lastKnownFileType = sourcecode.swift; path = AnimationTimingBootcamp.swift; sourceTree = "<group>"; };
		374B031D2BEB7D8100941184 /* TransitionBootcamp.swift */ = {isa = PBXFileReference; lastKnownFileType = sourcecode.swift; path = TransitionBootcamp.swift; sourceTree = "<group>"; };
		37B010942BE90C0100E3AC19 /* SwiftUI Bootcamp.app */ = {isa = PBXFileReference; explicitFileType = wrapper.application; includeInIndex = 0; path = "SwiftUI Bootcamp.app"; sourceTree = BUILT_PRODUCTS_DIR; };
		37B010972BE90C0100E3AC19 /* SwiftUI_BootcampApp.swift */ = {isa = PBXFileReference; lastKnownFileType = sourcecode.swift; path = SwiftUI_BootcampApp.swift; sourceTree = "<group>"; };
		37B010992BE90C0100E3AC19 /* ContentView.swift */ = {isa = PBXFileReference; lastKnownFileType = sourcecode.swift; path = ContentView.swift; sourceTree = "<group>"; };
		37B0109B2BE90C0200E3AC19 /* Assets.xcassets */ = {isa = PBXFileReference; lastKnownFileType = folder.assetcatalog; path = Assets.xcassets; sourceTree = "<group>"; };
		37B0109E2BE90C0200E3AC19 /* Preview Assets.xcassets */ = {isa = PBXFileReference; lastKnownFileType = folder.assetcatalog; path = "Preview Assets.xcassets"; sourceTree = "<group>"; };
		37B010A52BE90CD200E3AC19 /* TextBootcamp.swift */ = {isa = PBXFileReference; lastKnownFileType = sourcecode.swift; path = TextBootcamp.swift; sourceTree = "<group>"; };
		37B010A82BE910BC00E3AC19 /* ShapesBootcamp.swift */ = {isa = PBXFileReference; lastKnownFileType = sourcecode.swift; path = ShapesBootcamp.swift; sourceTree = "<group>"; };
		37B010AA2BE9137600E3AC19 /* ColorsBootcamp.swift */ = {isa = PBXFileReference; lastKnownFileType = sourcecode.swift; path = ColorsBootcamp.swift; sourceTree = "<group>"; };
		37B010AC2BE917DD00E3AC19 /* GradientsBootcamp.swift */ = {isa = PBXFileReference; lastKnownFileType = sourcecode.swift; path = GradientsBootcamp.swift; sourceTree = "<group>"; };
		37B010AE2BE91A8500E3AC19 /* IconsBootcamp.swift */ = {isa = PBXFileReference; lastKnownFileType = sourcecode.swift; path = IconsBootcamp.swift; sourceTree = "<group>"; };
		37B010B02BE91DA600E3AC19 /* ImageBootcamp.swift */ = {isa = PBXFileReference; lastKnownFileType = sourcecode.swift; path = ImageBootcamp.swift; sourceTree = "<group>"; };
		37B010B22BE91FAD00E3AC19 /* FrameBootcamp.swift */ = {isa = PBXFileReference; lastKnownFileType = sourcecode.swift; path = FrameBootcamp.swift; sourceTree = "<group>"; };
		37B010B42BE922C900E3AC19 /* BackgroundAndOverlayBootcamp.swift */ = {isa = PBXFileReference; lastKnownFileType = sourcecode.swift; path = BackgroundAndOverlayBootcamp.swift; sourceTree = "<group>"; };
		37E198152BEB566B00DCD1A0 /* StacksBootcamp.swift */ = {isa = PBXFileReference; lastKnownFileType = sourcecode.swift; path = StacksBootcamp.swift; sourceTree = "<group>"; };
		37E198172BEB56E300DCD1A0 /* PaddingAndSpacerBootcamp.swift */ = {isa = PBXFileReference; lastKnownFileType = sourcecode.swift; path = PaddingAndSpacerBootcamp.swift; sourceTree = "<group>"; };
		37E198192BEB572D00DCD1A0 /* SpacerBootcamp.swift */ = {isa = PBXFileReference; lastKnownFileType = sourcecode.swift; path = SpacerBootcamp.swift; sourceTree = "<group>"; };
		37E1981D2BEB5EE600DCD1A0 /* InitializerBootcamp.swift */ = {isa = PBXFileReference; lastKnownFileType = sourcecode.swift; path = InitializerBootcamp.swift; sourceTree = "<group>"; };
		37E1981F2BEB5FA600DCD1A0 /* ForEachBootcamp.swift */ = {isa = PBXFileReference; lastKnownFileType = sourcecode.swift; path = ForEachBootcamp.swift; sourceTree = "<group>"; };
		37E198212BEB617800DCD1A0 /* ScrollViewBootcamp.swift */ = {isa = PBXFileReference; lastKnownFileType = sourcecode.swift; path = ScrollViewBootcamp.swift; sourceTree = "<group>"; };
		37E198232BEB636600DCD1A0 /* GridBootcamp.swift */ = {isa = PBXFileReference; lastKnownFileType = sourcecode.swift; path = GridBootcamp.swift; sourceTree = "<group>"; };
		37E198252BEB673B00DCD1A0 /* SafeAreaBootcamp.swift */ = {isa = PBXFileReference; lastKnownFileType = sourcecode.swift; path = SafeAreaBootcamp.swift; sourceTree = "<group>"; };
		37E198272BEB68E800DCD1A0 /* ButtonsBootcamp.swift */ = {isa = PBXFileReference; lastKnownFileType = sourcecode.swift; path = ButtonsBootcamp.swift; sourceTree = "<group>"; };
		37E198292BEB6B5C00DCD1A0 /* StateBootcamp.swift */ = {isa = PBXFileReference; lastKnownFileType = sourcecode.swift; path = StateBootcamp.swift; sourceTree = "<group>"; };
		37E1982B2BEB6BE300DCD1A0 /* ExtractedFunctionsBootcamp.swift */ = {isa = PBXFileReference; lastKnownFileType = sourcecode.swift; path = ExtractedFunctionsBootcamp.swift; sourceTree = "<group>"; };
		37E1982D2BEB6C6400DCD1A0 /* ExtractSubviewsBoocamp.swift */ = {isa = PBXFileReference; lastKnownFileType = sourcecode.swift; path = ExtractSubviewsBoocamp.swift; sourceTree = "<group>"; };
/* End PBXFileReference section */

/* Begin PBXFrameworksBuildPhase section */
		37B010912BE90C0100E3AC19 /* Frameworks */ = {
			isa = PBXFrameworksBuildPhase;
			buildActionMask = 2147483647;
			files = (
			);
			runOnlyForDeploymentPostprocessing = 0;
		};
/* End PBXFrameworksBuildPhase section */

/* Begin PBXGroup section */
		37B0108B2BE90C0100E3AC19 = {
			isa = PBXGroup;
			children = (
				37B010962BE90C0100E3AC19 /* SwiftUI Bootcamp */,
				37B010952BE90C0100E3AC19 /* Products */,
			);
			sourceTree = "<group>";
		};
		37B010952BE90C0100E3AC19 /* Products */ = {
			isa = PBXGroup;
			children = (
				37B010942BE90C0100E3AC19 /* SwiftUI Bootcamp.app */,
			);
			name = Products;
			sourceTree = "<group>";
		};
		37B010962BE90C0100E3AC19 /* SwiftUI Bootcamp */ = {
			isa = PBXGroup;
			children = (
				37B010B42BE922C900E3AC19 /* BackgroundAndOverlayBootcamp.swift */,
				374B03132BEB71ED00941184 /* BindingBootcamp.swift */,
				374B03192BEB790900941184 /* AnimationBootcamp.swift */,
				37E198272BEB68E800DCD1A0 /* ButtonsBootcamp.swift */,
				37B010AA2BE9137600E3AC19 /* ColorsBootcamp.swift */,
				37E1982B2BEB6BE300DCD1A0 /* ExtractedFunctionsBootcamp.swift */,
				37E1982D2BEB6C6400DCD1A0 /* ExtractSubviewsBoocamp.swift */,
				37E1981F2BEB5FA600DCD1A0 /* ForEachBootcamp.swift */,
				37B010B22BE91FAD00E3AC19 /* FrameBootcamp.swift */,
				37B010AC2BE917DD00E3AC19 /* GradientsBootcamp.swift */,
				37E198232BEB636600DCD1A0 /* GridBootcamp.swift */,
				37B010AE2BE91A8500E3AC19 /* IconsBootcamp.swift */,
				37B010B02BE91DA600E3AC19 /* ImageBootcamp.swift */,
				37E1981D2BEB5EE600DCD1A0 /* InitializerBootcamp.swift */,
				37E198172BEB56E300DCD1A0 /* PaddingAndSpacerBootcamp.swift */,
				37E198252BEB673B00DCD1A0 /* SafeAreaBootcamp.swift */,
				37E198212BEB617800DCD1A0 /* ScrollViewBootcamp.swift */,
				37B010A82BE910BC00E3AC19 /* ShapesBootcamp.swift */,
				37E198192BEB572D00DCD1A0 /* SpacerBootcamp.swift */,
				37E198152BEB566B00DCD1A0 /* StacksBootcamp.swift */,
				37E198292BEB6B5C00DCD1A0 /* StateBootcamp.swift */,
				37B010A52BE90CD200E3AC19 /* TextBootcamp.swift */,
				37B010A72BE90D2D00E3AC19 /* App */,
				37B0109D2BE90C0200E3AC19 /* Preview Content */,
				374B03152BEB743B00941184 /* ConditionalBootcamp.swift */,
				374B03172BEB747C00941184 /* TernaryBootcamp.swift */,
				374B031B2BEB79D300941184 /* AnimationTimingBootcamp.swift */,
				374B031D2BEB7D8100941184 /* TransitionBootcamp.swift */,
			);
			path = "SwiftUI Bootcamp";
			sourceTree = "<group>";
		};
		37B0109D2BE90C0200E3AC19 /* Preview Content */ = {
			isa = PBXGroup;
			children = (
				37B0109E2BE90C0200E3AC19 /* Preview Assets.xcassets */,
			);
			path = "Preview Content";
			sourceTree = "<group>";
		};
		37B010A72BE90D2D00E3AC19 /* App */ = {
			isa = PBXGroup;
			children = (
				37B0109B2BE90C0200E3AC19 /* Assets.xcassets */,
				37B010992BE90C0100E3AC19 /* ContentView.swift */,
				37B010972BE90C0100E3AC19 /* SwiftUI_BootcampApp.swift */,
			);
			path = App;
			sourceTree = "<group>";
		};
/* End PBXGroup section */

/* Begin PBXNativeTarget section */
		37B010932BE90C0100E3AC19 /* SwiftUI Bootcamp */ = {
			isa = PBXNativeTarget;
			buildConfigurationList = 37B010A22BE90C0200E3AC19 /* Build configuration list for PBXNativeTarget "SwiftUI Bootcamp" */;
			buildPhases = (
				37B010902BE90C0100E3AC19 /* Sources */,
				37B010912BE90C0100E3AC19 /* Frameworks */,
				37B010922BE90C0100E3AC19 /* Resources */,
			);
			buildRules = (
			);
			dependencies = (
			);
			name = "SwiftUI Bootcamp";
			productName = "SwiftUI Bootcamp";
			productReference = 37B010942BE90C0100E3AC19 /* SwiftUI Bootcamp.app */;
			productType = "com.apple.product-type.application";
		};
/* End PBXNativeTarget section */

/* Begin PBXProject section */
		37B0108C2BE90C0100E3AC19 /* Project object */ = {
			isa = PBXProject;
			attributes = {
				BuildIndependentTargetsInParallel = 1;
				LastSwiftUpdateCheck = 1530;
				LastUpgradeCheck = 1530;
				TargetAttributes = {
					37B010932BE90C0100E3AC19 = {
						CreatedOnToolsVersion = 15.3;
					};
				};
			};
			buildConfigurationList = 37B0108F2BE90C0100E3AC19 /* Build configuration list for PBXProject "SwiftUI Bootcamp" */;
			compatibilityVersion = "Xcode 14.0";
			developmentRegion = en;
			hasScannedForEncodings = 0;
			knownRegions = (
				en,
				Base,
			);
			mainGroup = 37B0108B2BE90C0100E3AC19;
			productRefGroup = 37B010952BE90C0100E3AC19 /* Products */;
			projectDirPath = "";
			projectRoot = "";
			targets = (
				37B010932BE90C0100E3AC19 /* SwiftUI Bootcamp */,
			);
		};
/* End PBXProject section */

/* Begin PBXResourcesBuildPhase section */
		37B010922BE90C0100E3AC19 /* Resources */ = {
			isa = PBXResourcesBuildPhase;
			buildActionMask = 2147483647;
			files = (
				37B0109F2BE90C0200E3AC19 /* Preview Assets.xcassets in Resources */,
				37B0109C2BE90C0200E3AC19 /* Assets.xcassets in Resources */,
			);
			runOnlyForDeploymentPostprocessing = 0;
		};
/* End PBXResourcesBuildPhase section */

/* Begin PBXSourcesBuildPhase section */
		37B010902BE90C0100E3AC19 /* Sources */ = {
			isa = PBXSourcesBuildPhase;
			buildActionMask = 2147483647;
			files = (
				37E1982A2BEB6B5C00DCD1A0 /* StateBootcamp.swift in Sources */,
				37B010AD2BE917DD00E3AC19 /* GradientsBootcamp.swift in Sources */,
				37B010B52BE922C900E3AC19 /* BackgroundAndOverlayBootcamp.swift in Sources */,
				37E1982E2BEB6C6400DCD1A0 /* ExtractSubviewsBoocamp.swift in Sources */,
				37E198222BEB617800DCD1A0 /* ScrollViewBootcamp.swift in Sources */,
				37E198182BEB56E300DCD1A0 /* PaddingAndSpacerBootcamp.swift in Sources */,
				37B010AB2BE9137600E3AC19 /* ColorsBootcamp.swift in Sources */,
				37B010B32BE91FAD00E3AC19 /* FrameBootcamp.swift in Sources */,
				37E1982C2BEB6BE300DCD1A0 /* ExtractedFunctionsBootcamp.swift in Sources */,
				37E1981E2BEB5EE600DCD1A0 /* InitializerBootcamp.swift in Sources */,
				374B03182BEB747C00941184 /* TernaryBootcamp.swift in Sources */,
				37B010A92BE910BC00E3AC19 /* ShapesBootcamp.swift in Sources */,
				37E198282BEB68E800DCD1A0 /* ButtonsBootcamp.swift in Sources */,
				374B031C2BEB79D300941184 /* AnimationTimingBootcamp.swift in Sources */,
				37E198262BEB673B00DCD1A0 /* SafeAreaBootcamp.swift in Sources */,
				37B0109A2BE90C0100E3AC19 /* ContentView.swift in Sources */,
				37E198202BEB5FA600DCD1A0 /* ForEachBootcamp.swift in Sources */,
				37B010A62BE90CD200E3AC19 /* TextBootcamp.swift in Sources */,
				374B031A2BEB790900941184 /* AnimationBootcamp.swift in Sources */,
				374B031E2BEB7D8100941184 /* TransitionBootcamp.swift in Sources */,
				37B010982BE90C0100E3AC19 /* SwiftUI_BootcampApp.swift in Sources */,
				37E198162BEB566B00DCD1A0 /* StacksBootcamp.swift in Sources */,
				374B03142BEB71ED00941184 /* BindingBootcamp.swift in Sources */,
				37E1981A2BEB572D00DCD1A0 /* SpacerBootcamp.swift in Sources */,
				37E198242BEB636600DCD1A0 /* GridBootcamp.swift in Sources */,
				374B03162BEB743B00941184 /* ConditionalBootcamp.swift in Sources */,
				37B010B12BE91DA600E3AC19 /* ImageBootcamp.swift in Sources */,
				37B010AF2BE91A8500E3AC19 /* IconsBootcamp.swift in Sources */,
			);
			runOnlyForDeploymentPostprocessing = 0;
		};
/* End PBXSourcesBuildPhase section */

/* Begin XCBuildConfiguration section */
		37B010A02BE90C0200E3AC19 /* Debug */ = {
			isa = XCBuildConfiguration;
			buildSettings = {
				ALWAYS_SEARCH_USER_PATHS = NO;
				ASSETCATALOG_COMPILER_GENERATE_SWIFT_ASSET_SYMBOL_EXTENSIONS = YES;
				CLANG_ANALYZER_NONNULL = YES;
				CLANG_ANALYZER_NUMBER_OBJECT_CONVERSION = YES_AGGRESSIVE;
				CLANG_CXX_LANGUAGE_STANDARD = "gnu++20";
				CLANG_ENABLE_MODULES = YES;
				CLANG_ENABLE_OBJC_ARC = YES;
				CLANG_ENABLE_OBJC_WEAK = YES;
				CLANG_WARN_BLOCK_CAPTURE_AUTORELEASING = YES;
				CLANG_WARN_BOOL_CONVERSION = YES;
				CLANG_WARN_COMMA = YES;
				CLANG_WARN_CONSTANT_CONVERSION = YES;
				CLANG_WARN_DEPRECATED_OBJC_IMPLEMENTATIONS = YES;
				CLANG_WARN_DIRECT_OBJC_ISA_USAGE = YES_ERROR;
				CLANG_WARN_DOCUMENTATION_COMMENTS = YES;
				CLANG_WARN_EMPTY_BODY = YES;
				CLANG_WARN_ENUM_CONVERSION = YES;
				CLANG_WARN_INFINITE_RECURSION = YES;
				CLANG_WARN_INT_CONVERSION = YES;
				CLANG_WARN_NON_LITERAL_NULL_CONVERSION = YES;
				CLANG_WARN_OBJC_IMPLICIT_RETAIN_SELF = YES;
				CLANG_WARN_OBJC_LITERAL_CONVERSION = YES;
				CLANG_WARN_OBJC_ROOT_CLASS = YES_ERROR;
				CLANG_WARN_QUOTED_INCLUDE_IN_FRAMEWORK_HEADER = YES;
				CLANG_WARN_RANGE_LOOP_ANALYSIS = YES;
				CLANG_WARN_STRICT_PROTOTYPES = YES;
				CLANG_WARN_SUSPICIOUS_MOVE = YES;
				CLANG_WARN_UNGUARDED_AVAILABILITY = YES_AGGRESSIVE;
				CLANG_WARN_UNREACHABLE_CODE = YES;
				CLANG_WARN__DUPLICATE_METHOD_MATCH = YES;
				COPY_PHASE_STRIP = NO;
				DEBUG_INFORMATION_FORMAT = dwarf;
				ENABLE_STRICT_OBJC_MSGSEND = YES;
				ENABLE_TESTABILITY = YES;
				ENABLE_USER_SCRIPT_SANDBOXING = YES;
				GCC_C_LANGUAGE_STANDARD = gnu17;
				GCC_DYNAMIC_NO_PIC = NO;
				GCC_NO_COMMON_BLOCKS = YES;
				GCC_OPTIMIZATION_LEVEL = 0;
				GCC_PREPROCESSOR_DEFINITIONS = (
					"DEBUG=1",
					"$(inherited)",
				);
				GCC_WARN_64_TO_32_BIT_CONVERSION = YES;
				GCC_WARN_ABOUT_RETURN_TYPE = YES_ERROR;
				GCC_WARN_UNDECLARED_SELECTOR = YES;
				GCC_WARN_UNINITIALIZED_AUTOS = YES_AGGRESSIVE;
				GCC_WARN_UNUSED_FUNCTION = YES;
				GCC_WARN_UNUSED_VARIABLE = YES;
				IPHONEOS_DEPLOYMENT_TARGET = 17.4;
				LOCALIZATION_PREFERS_STRING_CATALOGS = YES;
				MTL_ENABLE_DEBUG_INFO = INCLUDE_SOURCE;
				MTL_FAST_MATH = YES;
				ONLY_ACTIVE_ARCH = YES;
				SDKROOT = iphoneos;
				SWIFT_ACTIVE_COMPILATION_CONDITIONS = "DEBUG $(inherited)";
				SWIFT_OPTIMIZATION_LEVEL = "-Onone";
			};
			name = Debug;
		};
		37B010A12BE90C0200E3AC19 /* Release */ = {
			isa = XCBuildConfiguration;
			buildSettings = {
				ALWAYS_SEARCH_USER_PATHS = NO;
				ASSETCATALOG_COMPILER_GENERATE_SWIFT_ASSET_SYMBOL_EXTENSIONS = YES;
				CLANG_ANALYZER_NONNULL = YES;
				CLANG_ANALYZER_NUMBER_OBJECT_CONVERSION = YES_AGGRESSIVE;
				CLANG_CXX_LANGUAGE_STANDARD = "gnu++20";
				CLANG_ENABLE_MODULES = YES;
				CLANG_ENABLE_OBJC_ARC = YES;
				CLANG_ENABLE_OBJC_WEAK = YES;
				CLANG_WARN_BLOCK_CAPTURE_AUTORELEASING = YES;
				CLANG_WARN_BOOL_CONVERSION = YES;
				CLANG_WARN_COMMA = YES;
				CLANG_WARN_CONSTANT_CONVERSION = YES;
				CLANG_WARN_DEPRECATED_OBJC_IMPLEMENTATIONS = YES;
				CLANG_WARN_DIRECT_OBJC_ISA_USAGE = YES_ERROR;
				CLANG_WARN_DOCUMENTATION_COMMENTS = YES;
				CLANG_WARN_EMPTY_BODY = YES;
				CLANG_WARN_ENUM_CONVERSION = YES;
				CLANG_WARN_INFINITE_RECURSION = YES;
				CLANG_WARN_INT_CONVERSION = YES;
				CLANG_WARN_NON_LITERAL_NULL_CONVERSION = YES;
				CLANG_WARN_OBJC_IMPLICIT_RETAIN_SELF = YES;
				CLANG_WARN_OBJC_LITERAL_CONVERSION = YES;
				CLANG_WARN_OBJC_ROOT_CLASS = YES_ERROR;
				CLANG_WARN_QUOTED_INCLUDE_IN_FRAMEWORK_HEADER = YES;
				CLANG_WARN_RANGE_LOOP_ANALYSIS = YES;
				CLANG_WARN_STRICT_PROTOTYPES = YES;
				CLANG_WARN_SUSPICIOUS_MOVE = YES;
				CLANG_WARN_UNGUARDED_AVAILABILITY = YES_AGGRESSIVE;
				CLANG_WARN_UNREACHABLE_CODE = YES;
				CLANG_WARN__DUPLICATE_METHOD_MATCH = YES;
				COPY_PHASE_STRIP = NO;
				DEBUG_INFORMATION_FORMAT = "dwarf-with-dsym";
				ENABLE_NS_ASSERTIONS = NO;
				ENABLE_STRICT_OBJC_MSGSEND = YES;
				ENABLE_USER_SCRIPT_SANDBOXING = YES;
				GCC_C_LANGUAGE_STANDARD = gnu17;
				GCC_NO_COMMON_BLOCKS = YES;
				GCC_WARN_64_TO_32_BIT_CONVERSION = YES;
				GCC_WARN_ABOUT_RETURN_TYPE = YES_ERROR;
				GCC_WARN_UNDECLARED_SELECTOR = YES;
				GCC_WARN_UNINITIALIZED_AUTOS = YES_AGGRESSIVE;
				GCC_WARN_UNUSED_FUNCTION = YES;
				GCC_WARN_UNUSED_VARIABLE = YES;
				IPHONEOS_DEPLOYMENT_TARGET = 17.4;
				LOCALIZATION_PREFERS_STRING_CATALOGS = YES;
				MTL_ENABLE_DEBUG_INFO = NO;
				MTL_FAST_MATH = YES;
				SDKROOT = iphoneos;
				SWIFT_COMPILATION_MODE = wholemodule;
				VALIDATE_PRODUCT = YES;
			};
			name = Release;
		};
		37B010A32BE90C0200E3AC19 /* Debug */ = {
			isa = XCBuildConfiguration;
			buildSettings = {
				ASSETCATALOG_COMPILER_APPICON_NAME = AppIcon;
				ASSETCATALOG_COMPILER_GLOBAL_ACCENT_COLOR_NAME = AccentColor;
				CODE_SIGN_STYLE = Automatic;
				CURRENT_PROJECT_VERSION = 1;
				DEVELOPMENT_ASSET_PATHS = "\"SwiftUI Bootcamp/Preview Content\"";
				DEVELOPMENT_TEAM = R5L72AD597;
				ENABLE_PREVIEWS = YES;
				GENERATE_INFOPLIST_FILE = YES;
				INFOPLIST_KEY_UIApplicationSceneManifest_Generation = YES;
				INFOPLIST_KEY_UIApplicationSupportsIndirectInputEvents = YES;
				INFOPLIST_KEY_UILaunchScreen_Generation = YES;
				INFOPLIST_KEY_UISupportedInterfaceOrientations_iPad = "UIInterfaceOrientationPortrait UIInterfaceOrientationPortraitUpsideDown UIInterfaceOrientationLandscapeLeft UIInterfaceOrientationLandscapeRight";
				INFOPLIST_KEY_UISupportedInterfaceOrientations_iPhone = "UIInterfaceOrientationPortrait UIInterfaceOrientationLandscapeLeft UIInterfaceOrientationLandscapeRight";
				LD_RUNPATH_SEARCH_PATHS = (
					"$(inherited)",
					"@executable_path/Frameworks",
				);
				MARKETING_VERSION = 1.0;
				PRODUCT_BUNDLE_IDENTIFIER = "com.oliviergeiger.SwiftUI-Bootcamp";
				PRODUCT_NAME = "$(TARGET_NAME)";
				SWIFT_EMIT_LOC_STRINGS = YES;
				SWIFT_VERSION = 5.0;
				TARGETED_DEVICE_FAMILY = "1,2";
			};
			name = Debug;
		};
		37B010A42BE90C0200E3AC19 /* Release */ = {
			isa = XCBuildConfiguration;
			buildSettings = {
				ASSETCATALOG_COMPILER_APPICON_NAME = AppIcon;
				ASSETCATALOG_COMPILER_GLOBAL_ACCENT_COLOR_NAME = AccentColor;
				CODE_SIGN_STYLE = Automatic;
				CURRENT_PROJECT_VERSION = 1;
				DEVELOPMENT_ASSET_PATHS = "\"SwiftUI Bootcamp/Preview Content\"";
				DEVELOPMENT_TEAM = R5L72AD597;
				ENABLE_PREVIEWS = YES;
				GENERATE_INFOPLIST_FILE = YES;
				INFOPLIST_KEY_UIApplicationSceneManifest_Generation = YES;
				INFOPLIST_KEY_UIApplicationSupportsIndirectInputEvents = YES;
				INFOPLIST_KEY_UILaunchScreen_Generation = YES;
				INFOPLIST_KEY_UISupportedInterfaceOrientations_iPad = "UIInterfaceOrientationPortrait UIInterfaceOrientationPortraitUpsideDown UIInterfaceOrientationLandscapeLeft UIInterfaceOrientationLandscapeRight";
				INFOPLIST_KEY_UISupportedInterfaceOrientations_iPhone = "UIInterfaceOrientationPortrait UIInterfaceOrientationLandscapeLeft UIInterfaceOrientationLandscapeRight";
				LD_RUNPATH_SEARCH_PATHS = (
					"$(inherited)",
					"@executable_path/Frameworks",
				);
				MARKETING_VERSION = 1.0;
				PRODUCT_BUNDLE_IDENTIFIER = "com.oliviergeiger.SwiftUI-Bootcamp";
				PRODUCT_NAME = "$(TARGET_NAME)";
				SWIFT_EMIT_LOC_STRINGS = YES;
				SWIFT_VERSION = 5.0;
				TARGETED_DEVICE_FAMILY = "1,2";
			};
			name = Release;
		};
/* End XCBuildConfiguration section */

/* Begin XCConfigurationList section */
		37B0108F2BE90C0100E3AC19 /* Build configuration list for PBXProject "SwiftUI Bootcamp" */ = {
			isa = XCConfigurationList;
			buildConfigurations = (
				37B010A02BE90C0200E3AC19 /* Debug */,
				37B010A12BE90C0200E3AC19 /* Release */,
			);
			defaultConfigurationIsVisible = 0;
			defaultConfigurationName = Release;
		};
		37B010A22BE90C0200E3AC19 /* Build configuration list for PBXNativeTarget "SwiftUI Bootcamp" */ = {
			isa = XCConfigurationList;
			buildConfigurations = (
				37B010A32BE90C0200E3AC19 /* Debug */,
				37B010A42BE90C0200E3AC19 /* Release */,
			);
			defaultConfigurationIsVisible = 0;
			defaultConfigurationName = Release;
		};
/* End XCConfigurationList section */
	};
	rootObject = 37B0108C2BE90C0100E3AC19 /* Project object */;
}
